// !$*UTF8*$!
{
	archiveVersion = 1;
	classes = {
	};
	objectVersion = 50;
	objects = {

/* Begin PBXBuildFile section */
		63D7A72920C538270010B798 /* AppDelegate.swift in Sources */ = {isa = PBXBuildFile; fileRef = 63D7A72820C538270010B798 /* AppDelegate.swift */; };
		63D7A72B20C538270010B798 /* ViewController.swift in Sources */ = {isa = PBXBuildFile; fileRef = 63D7A72A20C538270010B798 /* ViewController.swift */; };
		63D7A72E20C538270010B798 /* Main.storyboard in Resources */ = {isa = PBXBuildFile; fileRef = 63D7A72C20C538270010B798 /* Main.storyboard */; };
		63D7A73020C5382A0010B798 /* Assets.xcassets in Resources */ = {isa = PBXBuildFile; fileRef = 63D7A72F20C5382A0010B798 /* Assets.xcassets */; };
		63D7A73320C5382A0010B798 /* LaunchScreen.storyboard in Resources */ = {isa = PBXBuildFile; fileRef = 63D7A73120C5382A0010B798 /* LaunchScreen.storyboard */; };
		63D7A73E20C5382A0010B798 /* ProjectTests.swift in Sources */ = {isa = PBXBuildFile; fileRef = 63D7A73D20C5382A0010B798 /* ProjectTests.swift */; };
		63D7A74920C5382B0010B798 /* ProjectUITests.swift in Sources */ = {isa = PBXBuildFile; fileRef = 63D7A74820C5382B0010B798 /* ProjectUITests.swift */; };
		63D7A75720C805850010B798 /* TabBarViewController.swift in Sources */ = {isa = PBXBuildFile; fileRef = 63D7A75620C805850010B798 /* TabBarViewController.swift */; };
		63D7A75920C805E10010B798 /* SearchTableViewController.swift in Sources */ = {isa = PBXBuildFile; fileRef = 63D7A75820C805E10010B798 /* SearchTableViewController.swift */; };
		63D7A75B20C805F00010B798 /* ConnectionsTableViewController.swift in Sources */ = {isa = PBXBuildFile; fileRef = 63D7A75A20C805F00010B798 /* ConnectionsTableViewController.swift */; };
		63D7A75D20C806140010B798 /* SettingsTableViewController.swift in Sources */ = {isa = PBXBuildFile; fileRef = 63D7A75C20C806140010B798 /* SettingsTableViewController.swift */; };
		63D7A75F20C8061F0010B798 /* MusicTableViewController.swift in Sources */ = {isa = PBXBuildFile; fileRef = 63D7A75E20C8061F0010B798 /* MusicTableViewController.swift */; };
		63D7A76120C806450010B798 /* MusicItem.swift in Sources */ = {isa = PBXBuildFile; fileRef = 63D7A76020C806450010B798 /* MusicItem.swift */; };
		63D7A76320C9393C0010B798 /* MusicViewController.swift in Sources */ = {isa = PBXBuildFile; fileRef = 63D7A76220C9393C0010B798 /* MusicViewController.swift */; };
		63D7A76520C93EAC0010B798 /* ResultTableViewController.swift in Sources */ = {isa = PBXBuildFile; fileRef = 63D7A76420C93EAC0010B798 /* ResultTableViewController.swift */; };
		63D7A76820C94FF80010B798 /* AVFoundation.framework in Frameworks */ = {isa = PBXBuildFile; fileRef = 63D7A76720C94FF80010B798 /* AVFoundation.framework */; };
		63D7A76A20C9500E0010B798 /* UIKit.framework in Frameworks */ = {isa = PBXBuildFile; fileRef = 63D7A76920C9500E0010B798 /* UIKit.framework */; };
		63D7A76C20C950190010B798 /* Foundation.framework in Frameworks */ = {isa = PBXBuildFile; fileRef = 63D7A76B20C950190010B798 /* Foundation.framework */; };
		63D7A77220C96CED0010B798 /* SystemConfiguration.framework in Frameworks */ = {isa = PBXBuildFile; fileRef = 63D7A77120C96CED0010B798 /* SystemConfiguration.framework */; };
		63D7A77B20CE9E1B0010B798 /* SpotifyAudioPlayback.framework in Frameworks */ = {isa = PBXBuildFile; fileRef = 63D7A77820CE9E1A0010B798 /* SpotifyAudioPlayback.framework */; };
		63D7A77C20CE9E1B0010B798 /* SpotifyMetadata.framework in Frameworks */ = {isa = PBXBuildFile; fileRef = 63D7A77920CE9E1B0010B798 /* SpotifyMetadata.framework */; };
		63D7A77D20CE9E1B0010B798 /* SpotifyAuthentication.framework in Frameworks */ = {isa = PBXBuildFile; fileRef = 63D7A77A20CE9E1B0010B798 /* SpotifyAuthentication.framework */; };
/* End PBXBuildFile section */

/* Begin PBXContainerItemProxy section */
		63D7A73A20C5382A0010B798 /* PBXContainerItemProxy */ = {
			isa = PBXContainerItemProxy;
			containerPortal = 63D7A71D20C538270010B798 /* Project object */;
			proxyType = 1;
			remoteGlobalIDString = 63D7A72420C538270010B798;
			remoteInfo = Project;
		};
		63D7A74520C5382A0010B798 /* PBXContainerItemProxy */ = {
			isa = PBXContainerItemProxy;
			containerPortal = 63D7A71D20C538270010B798 /* Project object */;
			proxyType = 1;
			remoteGlobalIDString = 63D7A72420C538270010B798;
			remoteInfo = Project;
		};
/* End PBXContainerItemProxy section */

/* Begin PBXFileReference section */
		63D7A72520C538270010B798 /* Project.app */ = {isa = PBXFileReference; explicitFileType = wrapper.application; includeInIndex = 0; path = Project.app; sourceTree = BUILT_PRODUCTS_DIR; };
		63D7A72820C538270010B798 /* AppDelegate.swift */ = {isa = PBXFileReference; lastKnownFileType = sourcecode.swift; path = AppDelegate.swift; sourceTree = "<group>"; };
		63D7A72A20C538270010B798 /* ViewController.swift */ = {isa = PBXFileReference; lastKnownFileType = sourcecode.swift; path = ViewController.swift; sourceTree = "<group>"; };
		63D7A72D20C538270010B798 /* Base */ = {isa = PBXFileReference; lastKnownFileType = file.storyboard; name = Base; path = Base.lproj/Main.storyboard; sourceTree = "<group>"; };
		63D7A72F20C5382A0010B798 /* Assets.xcassets */ = {isa = PBXFileReference; lastKnownFileType = folder.assetcatalog; path = Assets.xcassets; sourceTree = "<group>"; };
		63D7A73220C5382A0010B798 /* Base */ = {isa = PBXFileReference; lastKnownFileType = file.storyboard; name = Base; path = Base.lproj/LaunchScreen.storyboard; sourceTree = "<group>"; };
		63D7A73420C5382A0010B798 /* Info.plist */ = {isa = PBXFileReference; lastKnownFileType = text.plist.xml; path = Info.plist; sourceTree = "<group>"; };
		63D7A73920C5382A0010B798 /* ProjectTests.xctest */ = {isa = PBXFileReference; explicitFileType = wrapper.cfbundle; includeInIndex = 0; path = ProjectTests.xctest; sourceTree = BUILT_PRODUCTS_DIR; };
		63D7A73D20C5382A0010B798 /* ProjectTests.swift */ = {isa = PBXFileReference; lastKnownFileType = sourcecode.swift; path = ProjectTests.swift; sourceTree = "<group>"; };
		63D7A73F20C5382A0010B798 /* Info.plist */ = {isa = PBXFileReference; lastKnownFileType = text.plist.xml; path = Info.plist; sourceTree = "<group>"; };
		63D7A74420C5382A0010B798 /* ProjectUITests.xctest */ = {isa = PBXFileReference; explicitFileType = wrapper.cfbundle; includeInIndex = 0; path = ProjectUITests.xctest; sourceTree = BUILT_PRODUCTS_DIR; };
		63D7A74820C5382B0010B798 /* ProjectUITests.swift */ = {isa = PBXFileReference; lastKnownFileType = sourcecode.swift; path = ProjectUITests.swift; sourceTree = "<group>"; };
		63D7A74A20C5382B0010B798 /* Info.plist */ = {isa = PBXFileReference; lastKnownFileType = text.plist.xml; path = Info.plist; sourceTree = "<group>"; };
		63D7A75620C805850010B798 /* TabBarViewController.swift */ = {isa = PBXFileReference; lastKnownFileType = sourcecode.swift; path = TabBarViewController.swift; sourceTree = "<group>"; };
		63D7A75820C805E10010B798 /* SearchTableViewController.swift */ = {isa = PBXFileReference; lastKnownFileType = sourcecode.swift; path = SearchTableViewController.swift; sourceTree = "<group>"; };
		63D7A75A20C805F00010B798 /* ConnectionsTableViewController.swift */ = {isa = PBXFileReference; lastKnownFileType = sourcecode.swift; path = ConnectionsTableViewController.swift; sourceTree = "<group>"; };
		63D7A75C20C806140010B798 /* SettingsTableViewController.swift */ = {isa = PBXFileReference; lastKnownFileType = sourcecode.swift; path = SettingsTableViewController.swift; sourceTree = "<group>"; };
		63D7A75E20C8061F0010B798 /* MusicTableViewController.swift */ = {isa = PBXFileReference; lastKnownFileType = sourcecode.swift; path = MusicTableViewController.swift; sourceTree = "<group>"; };
		63D7A76020C806450010B798 /* MusicItem.swift */ = {isa = PBXFileReference; lastKnownFileType = sourcecode.swift; path = MusicItem.swift; sourceTree = "<group>"; };
		63D7A76220C9393C0010B798 /* MusicViewController.swift */ = {isa = PBXFileReference; lastKnownFileType = sourcecode.swift; path = MusicViewController.swift; sourceTree = "<group>"; };
		63D7A76420C93EAC0010B798 /* ResultTableViewController.swift */ = {isa = PBXFileReference; lastKnownFileType = sourcecode.swift; path = ResultTableViewController.swift; sourceTree = "<group>"; };
		63D7A76720C94FF80010B798 /* AVFoundation.framework */ = {isa = PBXFileReference; lastKnownFileType = wrapper.framework; name = AVFoundation.framework; path = System/Library/Frameworks/AVFoundation.framework; sourceTree = SDKROOT; };
		63D7A76920C9500E0010B798 /* UIKit.framework */ = {isa = PBXFileReference; lastKnownFileType = wrapper.framework; name = UIKit.framework; path = System/Library/Frameworks/UIKit.framework; sourceTree = SDKROOT; };
		63D7A76B20C950190010B798 /* Foundation.framework */ = {isa = PBXFileReference; lastKnownFileType = wrapper.framework; name = Foundation.framework; path = System/Library/Frameworks/Foundation.framework; sourceTree = SDKROOT; };
		63D7A76D20C96C730010B798 /* SpotifyAuthentication.framework */ = {isa = PBXFileReference; lastKnownFileType = wrapper.framework; name = SpotifyAuthentication.framework; path = "../../Downloads/ios-sdk-beta-25/SpotifyAuthentication.framework"; sourceTree = "<group>"; };
		63D7A76E20C96C740010B798 /* SpotifyAudioPlayback.framework */ = {isa = PBXFileReference; lastKnownFileType = wrapper.framework; name = SpotifyAudioPlayback.framework; path = "../../Downloads/ios-sdk-beta-25/SpotifyAudioPlayback.framework"; sourceTree = "<group>"; };
		63D7A77120C96CED0010B798 /* SystemConfiguration.framework */ = {isa = PBXFileReference; lastKnownFileType = wrapper.framework; name = SystemConfiguration.framework; path = System/Library/Frameworks/SystemConfiguration.framework; sourceTree = SDKROOT; };
		63D7A77320CE80960010B798 /* SpotifyMetadata.framework */ = {isa = PBXFileReference; lastKnownFileType = wrapper.framework; name = SpotifyMetadata.framework; path = "../../Downloads/ios-sdk-beta-25/SpotifyMetadata.framework"; sourceTree = "<group>"; };
		63D7A77820CE9E1A0010B798 /* SpotifyAudioPlayback.framework */ = {isa = PBXFileReference; lastKnownFileType = wrapper.framework; path = SpotifyAudioPlayback.framework; sourceTree = "<group>"; };
		63D7A77920CE9E1B0010B798 /* SpotifyMetadata.framework */ = {isa = PBXFileReference; lastKnownFileType = wrapper.framework; path = SpotifyMetadata.framework; sourceTree = "<group>"; };
		63D7A77A20CE9E1B0010B798 /* SpotifyAuthentication.framework */ = {isa = PBXFileReference; lastKnownFileType = wrapper.framework; path = SpotifyAuthentication.framework; sourceTree = "<group>"; };
		63D7A78120CE9EB50010B798 /* Project-Bridging-Header.h */ = {isa = PBXFileReference; lastKnownFileType = sourcecode.c.h; path = "Project-Bridging-Header.h"; sourceTree = "<group>"; };
/* End PBXFileReference section */

/* Begin PBXFrameworksBuildPhase section */
		63D7A72220C538270010B798 /* Frameworks */ = {
			isa = PBXFrameworksBuildPhase;
			buildActionMask = 2147483647;
			files = (
				63D7A77220C96CED0010B798 /* SystemConfiguration.framework in Frameworks */,
				63D7A77D20CE9E1B0010B798 /* SpotifyAuthentication.framework in Frameworks */,
				63D7A76C20C950190010B798 /* Foundation.framework in Frameworks */,
				63D7A76A20C9500E0010B798 /* UIKit.framework in Frameworks */,
				63D7A76820C94FF80010B798 /* AVFoundation.framework in Frameworks */,
				63D7A77C20CE9E1B0010B798 /* SpotifyMetadata.framework in Frameworks */,
				63D7A77B20CE9E1B0010B798 /* SpotifyAudioPlayback.framework in Frameworks */,
			);
			runOnlyForDeploymentPostprocessing = 0;
		};
		63D7A73620C5382A0010B798 /* Frameworks */ = {
			isa = PBXFrameworksBuildPhase;
			buildActionMask = 2147483647;
			files = (
			);
			runOnlyForDeploymentPostprocessing = 0;
		};
		63D7A74120C5382A0010B798 /* Frameworks */ = {
			isa = PBXFrameworksBuildPhase;
			buildActionMask = 2147483647;
			files = (
			);
			runOnlyForDeploymentPostprocessing = 0;
		};
/* End PBXFrameworksBuildPhase section */

/* Begin PBXGroup section */
		63D7A71C20C538270010B798 = {
			isa = PBXGroup;
			children = (
				63D7A72720C538270010B798 /* Project */,
				63D7A73C20C5382A0010B798 /* ProjectTests */,
				63D7A74720C5382B0010B798 /* ProjectUITests */,
				63D7A72620C538270010B798 /* Products */,
				63D7A76620C94FF80010B798 /* Frameworks */,
			);
			sourceTree = "<group>";
		};
		63D7A72620C538270010B798 /* Products */ = {
			isa = PBXGroup;
			children = (
				63D7A72520C538270010B798 /* Project.app */,
				63D7A73920C5382A0010B798 /* ProjectTests.xctest */,
				63D7A74420C5382A0010B798 /* ProjectUITests.xctest */,
			);
			name = Products;
			sourceTree = "<group>";
		};
		63D7A72720C538270010B798 /* Project */ = {
			isa = PBXGroup;
			children = (
				63D7A77820CE9E1A0010B798 /* SpotifyAudioPlayback.framework */,
				63D7A77A20CE9E1B0010B798 /* SpotifyAuthentication.framework */,
				63D7A77920CE9E1B0010B798 /* SpotifyMetadata.framework */,
				63D7A72820C538270010B798 /* AppDelegate.swift */,
				63D7A78120CE9EB50010B798 /* Project-Bridging-Header.h */,
				63D7A72A20C538270010B798 /* ViewController.swift */,
				63D7A72C20C538270010B798 /* Main.storyboard */,
				63D7A76420C93EAC0010B798 /* ResultTableViewController.swift */,
				63D7A76220C9393C0010B798 /* MusicViewController.swift */,
				63D7A75820C805E10010B798 /* SearchTableViewController.swift */,
				63D7A75A20C805F00010B798 /* ConnectionsTableViewController.swift */,
				63D7A75C20C806140010B798 /* SettingsTableViewController.swift */,
				63D7A75E20C8061F0010B798 /* MusicTableViewController.swift */,
				63D7A76020C806450010B798 /* MusicItem.swift */,
				63D7A75620C805850010B798 /* TabBarViewController.swift */,
				63D7A72F20C5382A0010B798 /* Assets.xcassets */,
				63D7A73120C5382A0010B798 /* LaunchScreen.storyboard */,
				63D7A73420C5382A0010B798 /* Info.plist */,
			);
			path = Project;
			sourceTree = "<group>";
		};
		63D7A73C20C5382A0010B798 /* ProjectTests */ = {
			isa = PBXGroup;
			children = (
				63D7A73D20C5382A0010B798 /* ProjectTests.swift */,
				63D7A73F20C5382A0010B798 /* Info.plist */,
			);
			path = ProjectTests;
			sourceTree = "<group>";
		};
		63D7A74720C5382B0010B798 /* ProjectUITests */ = {
			isa = PBXGroup;
			children = (
				63D7A74820C5382B0010B798 /* ProjectUITests.swift */,
				63D7A74A20C5382B0010B798 /* Info.plist */,
			);
			path = ProjectUITests;
			sourceTree = "<group>";
		};
		63D7A76620C94FF80010B798 /* Frameworks */ = {
			isa = PBXGroup;
			children = (
				63D7A77320CE80960010B798 /* SpotifyMetadata.framework */,
				63D7A77120C96CED0010B798 /* SystemConfiguration.framework */,
				63D7A76E20C96C740010B798 /* SpotifyAudioPlayback.framework */,
				63D7A76D20C96C730010B798 /* SpotifyAuthentication.framework */,
				63D7A76B20C950190010B798 /* Foundation.framework */,
				63D7A76920C9500E0010B798 /* UIKit.framework */,
				63D7A76720C94FF80010B798 /* AVFoundation.framework */,
			);
			name = Frameworks;
			sourceTree = "<group>";
		};
/* End PBXGroup section */

/* Begin PBXNativeTarget section */
		63D7A72420C538270010B798 /* Project */ = {
			isa = PBXNativeTarget;
			buildConfigurationList = 63D7A74D20C5382B0010B798 /* Build configuration list for PBXNativeTarget "Project" */;
			buildPhases = (
				63D7A72120C538270010B798 /* Sources */,
				63D7A72220C538270010B798 /* Frameworks */,
				63D7A72320C538270010B798 /* Resources */,
			);
			buildRules = (
			);
			dependencies = (
			);
			name = Project;
			productName = Project;
			productReference = 63D7A72520C538270010B798 /* Project.app */;
			productType = "com.apple.product-type.application";
		};
		63D7A73820C5382A0010B798 /* ProjectTests */ = {
			isa = PBXNativeTarget;
			buildConfigurationList = 63D7A75020C5382B0010B798 /* Build configuration list for PBXNativeTarget "ProjectTests" */;
			buildPhases = (
				63D7A73520C5382A0010B798 /* Sources */,
				63D7A73620C5382A0010B798 /* Frameworks */,
				63D7A73720C5382A0010B798 /* Resources */,
			);
			buildRules = (
			);
			dependencies = (
				63D7A73B20C5382A0010B798 /* PBXTargetDependency */,
			);
			name = ProjectTests;
			productName = ProjectTests;
			productReference = 63D7A73920C5382A0010B798 /* ProjectTests.xctest */;
			productType = "com.apple.product-type.bundle.unit-test";
		};
		63D7A74320C5382A0010B798 /* ProjectUITests */ = {
			isa = PBXNativeTarget;
			buildConfigurationList = 63D7A75320C5382B0010B798 /* Build configuration list for PBXNativeTarget "ProjectUITests" */;
			buildPhases = (
				63D7A74020C5382A0010B798 /* Sources */,
				63D7A74120C5382A0010B798 /* Frameworks */,
				63D7A74220C5382A0010B798 /* Resources */,
			);
			buildRules = (
			);
			dependencies = (
				63D7A74620C5382A0010B798 /* PBXTargetDependency */,
			);
			name = ProjectUITests;
			productName = ProjectUITests;
			productReference = 63D7A74420C5382A0010B798 /* ProjectUITests.xctest */;
			productType = "com.apple.product-type.bundle.ui-testing";
		};
/* End PBXNativeTarget section */

/* Begin PBXProject section */
		63D7A71D20C538270010B798 /* Project object */ = {
			isa = PBXProject;
			attributes = {
				LastSwiftUpdateCheck = 0940;
				LastUpgradeCheck = 0940;
				ORGANIZATIONNAME = "Zooey Bossert";
				TargetAttributes = {
					63D7A72420C538270010B798 = {
						CreatedOnToolsVersion = 9.4;
						LastSwiftMigration = 0940;
					};
					63D7A73820C5382A0010B798 = {
						CreatedOnToolsVersion = 9.4;
						TestTargetID = 63D7A72420C538270010B798;
					};
					63D7A74320C5382A0010B798 = {
						CreatedOnToolsVersion = 9.4;
						TestTargetID = 63D7A72420C538270010B798;
					};
				};
			};
			buildConfigurationList = 63D7A72020C538270010B798 /* Build configuration list for PBXProject "Project" */;
			compatibilityVersion = "Xcode 9.3";
			developmentRegion = en;
			hasScannedForEncodings = 0;
			knownRegions = (
				en,
				Base,
			);
			mainGroup = 63D7A71C20C538270010B798;
			productRefGroup = 63D7A72620C538270010B798 /* Products */;
			projectDirPath = "";
			projectRoot = "";
			targets = (
				63D7A72420C538270010B798 /* Project */,
				63D7A73820C5382A0010B798 /* ProjectTests */,
				63D7A74320C5382A0010B798 /* ProjectUITests */,
			);
		};
/* End PBXProject section */

/* Begin PBXResourcesBuildPhase section */
		63D7A72320C538270010B798 /* Resources */ = {
			isa = PBXResourcesBuildPhase;
			buildActionMask = 2147483647;
			files = (
				63D7A73320C5382A0010B798 /* LaunchScreen.storyboard in Resources */,
				63D7A73020C5382A0010B798 /* Assets.xcassets in Resources */,
				63D7A72E20C538270010B798 /* Main.storyboard in Resources */,
			);
			runOnlyForDeploymentPostprocessing = 0;
		};
		63D7A73720C5382A0010B798 /* Resources */ = {
			isa = PBXResourcesBuildPhase;
			buildActionMask = 2147483647;
			files = (
			);
			runOnlyForDeploymentPostprocessing = 0;
		};
		63D7A74220C5382A0010B798 /* Resources */ = {
			isa = PBXResourcesBuildPhase;
			buildActionMask = 2147483647;
			files = (
			);
			runOnlyForDeploymentPostprocessing = 0;
		};
/* End PBXResourcesBuildPhase section */

/* Begin PBXSourcesBuildPhase section */
		63D7A72120C538270010B798 /* Sources */ = {
			isa = PBXSourcesBuildPhase;
			buildActionMask = 2147483647;
			files = (
				63D7A72B20C538270010B798 /* ViewController.swift in Sources */,
				63D7A75720C805850010B798 /* TabBarViewController.swift in Sources */,
				63D7A76520C93EAC0010B798 /* ResultTableViewController.swift in Sources */,
				63D7A76120C806450010B798 /* MusicItem.swift in Sources */,
				63D7A75D20C806140010B798 /* SettingsTableViewController.swift in Sources */,
				63D7A75B20C805F00010B798 /* ConnectionsTableViewController.swift in Sources */,
				63D7A72920C538270010B798 /* AppDelegate.swift in Sources */,
				63D7A76320C9393C0010B798 /* MusicViewController.swift in Sources */,
				63D7A75920C805E10010B798 /* SearchTableViewController.swift in Sources */,
				63D7A75F20C8061F0010B798 /* MusicTableViewController.swift in Sources */,
			);
			runOnlyForDeploymentPostprocessing = 0;
		};
		63D7A73520C5382A0010B798 /* Sources */ = {
			isa = PBXSourcesBuildPhase;
			buildActionMask = 2147483647;
			files = (
				63D7A73E20C5382A0010B798 /* ProjectTests.swift in Sources */,
			);
			runOnlyForDeploymentPostprocessing = 0;
		};
		63D7A74020C5382A0010B798 /* Sources */ = {
			isa = PBXSourcesBuildPhase;
			buildActionMask = 2147483647;
			files = (
				63D7A74920C5382B0010B798 /* ProjectUITests.swift in Sources */,
			);
			runOnlyForDeploymentPostprocessing = 0;
		};
/* End PBXSourcesBuildPhase section */

/* Begin PBXTargetDependency section */
		63D7A73B20C5382A0010B798 /* PBXTargetDependency */ = {
			isa = PBXTargetDependency;
			target = 63D7A72420C538270010B798 /* Project */;
			targetProxy = 63D7A73A20C5382A0010B798 /* PBXContainerItemProxy */;
		};
		63D7A74620C5382A0010B798 /* PBXTargetDependency */ = {
			isa = PBXTargetDependency;
			target = 63D7A72420C538270010B798 /* Project */;
			targetProxy = 63D7A74520C5382A0010B798 /* PBXContainerItemProxy */;
		};
/* End PBXTargetDependency section */

/* Begin PBXVariantGroup section */
		63D7A72C20C538270010B798 /* Main.storyboard */ = {
			isa = PBXVariantGroup;
			children = (
				63D7A72D20C538270010B798 /* Base */,
			);
			name = Main.storyboard;
			sourceTree = "<group>";
		};
		63D7A73120C5382A0010B798 /* LaunchScreen.storyboard */ = {
			isa = PBXVariantGroup;
			children = (
				63D7A73220C5382A0010B798 /* Base */,
			);
			name = LaunchScreen.storyboard;
			sourceTree = "<group>";
		};
/* End PBXVariantGroup section */

/* Begin XCBuildConfiguration section */
		63D7A74B20C5382B0010B798 /* Debug */ = {
			isa = XCBuildConfiguration;
			buildSettings = {
				ALWAYS_SEARCH_USER_PATHS = NO;
				CLANG_ANALYZER_NONNULL = YES;
				CLANG_ANALYZER_NUMBER_OBJECT_CONVERSION = YES_AGGRESSIVE;
				CLANG_CXX_LANGUAGE_STANDARD = "gnu++14";
				CLANG_CXX_LIBRARY = "libc++";
				CLANG_ENABLE_MODULES = YES;
				CLANG_ENABLE_OBJC_ARC = YES;
				CLANG_ENABLE_OBJC_WEAK = YES;
				CLANG_WARN_BLOCK_CAPTURE_AUTORELEASING = YES;
				CLANG_WARN_BOOL_CONVERSION = YES;
				CLANG_WARN_COMMA = YES;
				CLANG_WARN_CONSTANT_CONVERSION = YES;
				CLANG_WARN_DEPRECATED_OBJC_IMPLEMENTATIONS = YES;
				CLANG_WARN_DIRECT_OBJC_ISA_USAGE = YES_ERROR;
				CLANG_WARN_DOCUMENTATION_COMMENTS = YES;
				CLANG_WARN_EMPTY_BODY = YES;
				CLANG_WARN_ENUM_CONVERSION = YES;
				CLANG_WARN_INFINITE_RECURSION = YES;
				CLANG_WARN_INT_CONVERSION = YES;
				CLANG_WARN_NON_LITERAL_NULL_CONVERSION = YES;
				CLANG_WARN_OBJC_IMPLICIT_RETAIN_SELF = YES;
				CLANG_WARN_OBJC_LITERAL_CONVERSION = YES;
				CLANG_WARN_OBJC_ROOT_CLASS = YES_ERROR;
				CLANG_WARN_RANGE_LOOP_ANALYSIS = YES;
				CLANG_WARN_STRICT_PROTOTYPES = YES;
				CLANG_WARN_SUSPICIOUS_MOVE = YES;
				CLANG_WARN_UNGUARDED_AVAILABILITY = YES_AGGRESSIVE;
				CLANG_WARN_UNREACHABLE_CODE = YES;
				CLANG_WARN__DUPLICATE_METHOD_MATCH = YES;
				CODE_SIGN_IDENTITY = "iPhone Developer";
				COPY_PHASE_STRIP = NO;
				DEBUG_INFORMATION_FORMAT = dwarf;
				ENABLE_STRICT_OBJC_MSGSEND = YES;
				ENABLE_TESTABILITY = YES;
				GCC_C_LANGUAGE_STANDARD = gnu11;
				GCC_DYNAMIC_NO_PIC = NO;
				GCC_NO_COMMON_BLOCKS = YES;
				GCC_OPTIMIZATION_LEVEL = 0;
				GCC_PREPROCESSOR_DEFINITIONS = (
					"DEBUG=1",
					"$(inherited)",
				);
				GCC_WARN_64_TO_32_BIT_CONVERSION = YES;
				GCC_WARN_ABOUT_RETURN_TYPE = YES_ERROR;
				GCC_WARN_UNDECLARED_SELECTOR = YES;
				GCC_WARN_UNINITIALIZED_AUTOS = YES_AGGRESSIVE;
				GCC_WARN_UNUSED_FUNCTION = YES;
				GCC_WARN_UNUSED_VARIABLE = YES;
				IPHONEOS_DEPLOYMENT_TARGET = 11.4;
				MTL_ENABLE_DEBUG_INFO = YES;
				ONLY_ACTIVE_ARCH = YES;
				SDKROOT = iphoneos;
				SWIFT_ACTIVE_COMPILATION_CONDITIONS = DEBUG;
				SWIFT_OPTIMIZATION_LEVEL = "-Onone";
			};
			name = Debug;
		};
		63D7A74C20C5382B0010B798 /* Release */ = {
			isa = XCBuildConfiguration;
			buildSettings = {
				ALWAYS_SEARCH_USER_PATHS = NO;
				CLANG_ANALYZER_NONNULL = YES;
				CLANG_ANALYZER_NUMBER_OBJECT_CONVERSION = YES_AGGRESSIVE;
				CLANG_CXX_LANGUAGE_STANDARD = "gnu++14";
				CLANG_CXX_LIBRARY = "libc++";
				CLANG_ENABLE_MODULES = YES;
				CLANG_ENABLE_OBJC_ARC = YES;
				CLANG_ENABLE_OBJC_WEAK = YES;
				CLANG_WARN_BLOCK_CAPTURE_AUTORELEASING = YES;
				CLANG_WARN_BOOL_CONVERSION = YES;
				CLANG_WARN_COMMA = YES;
				CLANG_WARN_CONSTANT_CONVERSION = YES;
				CLANG_WARN_DEPRECATED_OBJC_IMPLEMENTATIONS = YES;
				CLANG_WARN_DIRECT_OBJC_ISA_USAGE = YES_ERROR;
				CLANG_WARN_DOCUMENTATION_COMMENTS = YES;
				CLANG_WARN_EMPTY_BODY = YES;
				CLANG_WARN_ENUM_CONVERSION = YES;
				CLANG_WARN_INFINITE_RECURSION = YES;
				CLANG_WARN_INT_CONVERSION = YES;
				CLANG_WARN_NON_LITERAL_NULL_CONVERSION = YES;
				CLANG_WARN_OBJC_IMPLICIT_RETAIN_SELF = YES;
				CLANG_WARN_OBJC_LITERAL_CONVERSION = YES;
				CLANG_WARN_OBJC_ROOT_CLASS = YES_ERROR;
				CLANG_WARN_RANGE_LOOP_ANALYSIS = YES;
				CLANG_WARN_STRICT_PROTOTYPES = YES;
				CLANG_WARN_SUSPICIOUS_MOVE = YES;
				CLANG_WARN_UNGUARDED_AVAILABILITY = YES_AGGRESSIVE;
				CLANG_WARN_UNREACHABLE_CODE = YES;
				CLANG_WARN__DUPLICATE_METHOD_MATCH = YES;
				CODE_SIGN_IDENTITY = "iPhone Developer";
				COPY_PHASE_STRIP = NO;
				DEBUG_INFORMATION_FORMAT = "dwarf-with-dsym";
				ENABLE_NS_ASSERTIONS = NO;
				ENABLE_STRICT_OBJC_MSGSEND = YES;
				GCC_C_LANGUAGE_STANDARD = gnu11;
				GCC_NO_COMMON_BLOCKS = YES;
				GCC_WARN_64_TO_32_BIT_CONVERSION = YES;
				GCC_WARN_ABOUT_RETURN_TYPE = YES_ERROR;
				GCC_WARN_UNDECLARED_SELECTOR = YES;
				GCC_WARN_UNINITIALIZED_AUTOS = YES_AGGRESSIVE;
				GCC_WARN_UNUSED_FUNCTION = YES;
				GCC_WARN_UNUSED_VARIABLE = YES;
				IPHONEOS_DEPLOYMENT_TARGET = 11.4;
				MTL_ENABLE_DEBUG_INFO = NO;
				SDKROOT = iphoneos;
				SWIFT_COMPILATION_MODE = wholemodule;
				SWIFT_OPTIMIZATION_LEVEL = "-O";
				VALIDATE_PRODUCT = YES;
			};
			name = Release;
		};
		63D7A74E20C5382B0010B798 /* Debug */ = {
			isa = XCBuildConfiguration;
			buildSettings = {
				ASSETCATALOG_COMPILER_APPICON_NAME = AppIcon;
				CLANG_ENABLE_MODULES = YES;
				CODE_SIGN_STYLE = Automatic;
				FRAMEWORK_SEARCH_PATHS = (
					"$(inherited)",
					"$(PROJECT_DIR)/Project",
				);
				INFOPLIST_FILE = Project/Info.plist;
				LD_RUNPATH_SEARCH_PATHS = (
					"$(inherited)",
					"@executable_path/Frameworks",
				);
				OTHER_LDFLAGS = "-ObjC";
				PRODUCT_BUNDLE_IDENTIFIER = com.ZooeyBossert.Project;
				PRODUCT_NAME = "$(TARGET_NAME)";
				SWIFT_OBJC_BRIDGING_HEADER = "Project/Project-Bridging-Header.h";
				SWIFT_OPTIMIZATION_LEVEL = "-Onone";
				SWIFT_VERSION = 4.0;
				TARGETED_DEVICE_FAMILY = "1,2";
			};
			name = Debug;
		};
		63D7A74F20C5382B0010B798 /* Release */ = {
			isa = XCBuildConfiguration;
			buildSettings = {
				ASSETCATALOG_COMPILER_APPICON_NAME = AppIcon;
				CLANG_ENABLE_MODULES = YES;
				CODE_SIGN_STYLE = Automatic;
				FRAMEWORK_SEARCH_PATHS = (
					"$(inherited)",
					"$(PROJECT_DIR)/Project",
				);
				INFOPLIST_FILE = Project/Info.plist;
				LD_RUNPATH_SEARCH_PATHS = (
					"$(inherited)",
					"@executable_path/Frameworks",
				);
				OTHER_LDFLAGS = "-ObjC";
				PRODUCT_BUNDLE_IDENTIFIER = com.ZooeyBossert.Project;
				PRODUCT_NAME = "$(TARGET_NAME)";
				SWIFT_OBJC_BRIDGING_HEADER = "Project/Project-Bridging-Header.h";
				SWIFT_VERSION = 4.0;
				TARGETED_DEVICE_FAMILY = "1,2";
			};
			name = Release;
		};
		63D7A75120C5382B0010B798 /* Debug */ = {
			isa = XCBuildConfiguration;
			buildSettings = {
				ALWAYS_EMBED_SWIFT_STANDARD_LIBRARIES = YES;
				BUNDLE_LOADER = "$(TEST_HOST)";
				CODE_SIGN_STYLE = Automatic;
				INFOPLIST_FILE = ProjectTests/Info.plist;
				LD_RUNPATH_SEARCH_PATHS = (
					"$(inherited)",
					"@executable_path/Frameworks",
					"@loader_path/Frameworks",
				);
				PRODUCT_BUNDLE_IDENTIFIER = com.ZooeyBossert.ProjectTests;
				PRODUCT_NAME = "$(TARGET_NAME)";
				SWIFT_VERSION = 4.0;
				TARGETED_DEVICE_FAMILY = "1,2";
				TEST_HOST = "$(BUILT_PRODUCTS_DIR)/Project.app/Project";
			};
			name = Debug;
		};
		63D7A75220C5382B0010B798 /* Release */ = {
			isa = XCBuildConfiguration;
			buildSettings = {
				ALWAYS_EMBED_SWIFT_STANDARD_LIBRARIES = YES;
				BUNDLE_LOADER = "$(TEST_HOST)";
				CODE_SIGN_STYLE = Automatic;
				INFOPLIST_FILE = ProjectTests/Info.plist;
				LD_RUNPATH_SEARCH_PATHS = (
					"$(inherited)",
					"@executable_path/Frameworks",
					"@loader_path/Frameworks",
				);
				PRODUCT_BUNDLE_IDENTIFIER = com.ZooeyBossert.ProjectTests;
				PRODUCT_NAME = "$(TARGET_NAME)";
				SWIFT_VERSION = 4.0;
				TARGETED_DEVICE_FAMILY = "1,2";
				TEST_HOST = "$(BUILT_PRODUCTS_DIR)/Project.app/Project";
			};
			name = Release;
		};
		63D7A75420C5382B0010B798 /* Debug */ = {
			isa = XCBuildConfiguration;
			buildSettings = {
				ALWAYS_EMBED_SWIFT_STANDARD_LIBRARIES = YES;
				CODE_SIGN_STYLE = Automatic;
				INFOPLIST_FILE = ProjectUITests/Info.plist;
				LD_RUNPATH_SEARCH_PATHS = (
					"$(inherited)",
					"@executable_path/Frameworks",
					"@loader_path/Frameworks",
				);
				PRODUCT_BUNDLE_IDENTIFIER = com.ZooeyBossert.ProjectUITests;
				PRODUCT_NAME = "$(TARGET_NAME)";
				SWIFT_VERSION = 4.0;
				TARGETED_DEVICE_FAMILY = "1,2";
				TEST_TARGET_NAME = Project;
			};
			name = Debug;
		};
		63D7A75520C5382B0010B798 /* Release */ = {
			isa = XCBuildConfiguration;
			buildSettings = {
				ALWAYS_EMBED_SWIFT_STANDARD_LIBRARIES = YES;
				CODE_SIGN_STYLE = Automatic;
				INFOPLIST_FILE = ProjectUITests/Info.plist;
				LD_RUNPATH_SEARCH_PATHS = (
					"$(inherited)",
					"@executable_path/Frameworks",
					"@loader_path/Frameworks",
				);
				PRODUCT_BUNDLE_IDENTIFIER = com.ZooeyBossert.ProjectUITests;
				PRODUCT_NAME = "$(TARGET_NAME)";
				SWIFT_VERSION = 4.0;
				TARGETED_DEVICE_FAMILY = "1,2";
				TEST_TARGET_NAME = Project;
			};
			name = Release;
		};
/* End XCBuildConfiguration section */

/* Begin XCConfigurationList section */
		63D7A72020C538270010B798 /* Build configuration list for PBXProject "Project" */ = {
			isa = XCConfigurationList;
			buildConfigurations = (
				63D7A74B20C5382B0010B798 /* Debug */,
				63D7A74C20C5382B0010B798 /* Release */,
			);
			defaultConfigurationIsVisible = 0;
			defaultConfigurationName = Release;
		};
		63D7A74D20C5382B0010B798 /* Build configuration list for PBXNativeTarget "Project" */ = {
			isa = XCConfigurationList;
			buildConfigurations = (
				63D7A74E20C5382B0010B798 /* Debug */,
				63D7A74F20C5382B0010B798 /* Release */,
			);
			defaultConfigurationIsVisible = 0;
			defaultConfigurationName = Release;
		};
		63D7A75020C5382B0010B798 /* Build configuration list for PBXNativeTarget "ProjectTests" */ = {
			isa = XCConfigurationList;
			buildConfigurations = (
				63D7A75120C5382B0010B798 /* Debug */,
				63D7A75220C5382B0010B798 /* Release */,
			);
			defaultConfigurationIsVisible = 0;
			defaultConfigurationName = Release;
		};
		63D7A75320C5382B0010B798 /* Build configuration list for PBXNativeTarget "ProjectUITests" */ = {
			isa = XCConfigurationList;
			buildConfigurations = (
				63D7A75420C5382B0010B798 /* Debug */,
				63D7A75520C5382B0010B798 /* Release */,
			);
			defaultConfigurationIsVisible = 0;
			defaultConfigurationName = Release;
		};
/* End XCConfigurationList section */
	};
	rootObject = 63D7A71D20C538270010B798 /* Project object */;
}
